
Microsoft Visual Studio Solution File, Format Version 12.00
# Visual Studio Version 16
VisualStudioVersion = 16.0.31321.278
MinimumVisualStudioVersion = 10.0.40219.1
Project("{FAE04EC0-301F-11D3-BF4B-00C04F79EFBC}") = "FourthAutomationExercise", "FourthAutomationExercise\FourthAutomationExercise.csproj", "{AA67ABB4-43A8-444F-9214-6B5B39B10D1A}"
EndProject
Project("{FAE04EC0-301F-11D3-BF4B-00C04F79EFBC}") = "AutomationTests", "AutomationTests\AutomationTests.csproj", "{6AD66D4F-7A46-43A4-A6A1-8A6B9FBF52D0}"
EndProject
Global
	GlobalSection(SolutionConfigurationPlatforms) = preSolution
		Debug|Any CPU = Debug|Any CPU
		Release|Any CPU = Release|Any CPU
	EndGlobalSection
	GlobalSection(ProjectConfigurationPlatforms) = postSolution
		{AA67ABB4-43A8-444F-9214-6B5B39B10D1A}.Debug|Any CPU.ActiveCfg = Debug|Any CPU
		{AA67ABB4-43A8-444F-9214-6B5B39B10D1A}.Debug|Any CPU.Build.0 = Debug|Any CPU
		{AA67ABB4-43A8-444F-9214-6B5B39B10D1A}.Release|Any CPU.ActiveCfg = Release|Any CPU
		{AA67ABB4-43A8-444F-9214-6B5B39B10D1A}.Release|Any CPU.Build.0 = Release|Any CPU
		{6AD66D4F-7A46-43A4-A6A1-8A6B9FBF52D0}.Debug|Any CPU.ActiveCfg = Debug|Any CPU
		{6AD66D4F-7A46-43A4-A6A1-8A6B9FBF52D0}.Debug|Any CPU.Build.0 = Debug|Any CPU
		{6AD66D4F-7A46-43A4-A6A1-8A6B9FBF52D0}.Release|Any CPU.ActiveCfg = Release|Any CPU
		{6AD66D4F-7A46-43A4-A6A1-8A6B9FBF52D0}.Release|Any CPU.Build.0 = Release|Any CPU
	EndGlobalSection
	GlobalSection(SolutionProperties) = preSolution
		HideSolutionNode = FALSE
	EndGlobalSection
	GlobalSection(ExtensibilityGlobals) = postSolution
		SolutionGuid = {4EA7D93A-4D8A-4D46-AABA-1662984E1A22}
	EndGlobalSection
EndGlobal
